
Microsoft Visual Studio Solution File, Format Version 12.00
Project("{2150E333-8FDC-42A3-9474-1A3956D46DE8}") = "src", "src", "{20848060-9811-435E-91C9-6B3FCEDB0726}"
EndProject
Project("{FAE04EC0-301F-11D3-BF4B-00C04F79EFBC}") = "Gundi", "src\Gundi\Gundi.csproj", "{8038AE57-1363-496C-8174-9E8167ADAF14}"
EndProject
Project("{FAE04EC0-301F-11D3-BF4B-00C04F79EFBC}") = "Gundi.Attributes", "src\Gundi.Attributes\Gundi.Attributes.csproj", "{3E4D2299-0026-4C00-B024-6D76A885874F}"
EndProject
Project("{2150E333-8FDC-42A3-9474-1A3956D46DE8}") = "tests", "tests", "{E7E74A29-D5CF-40DC-8B21-C605DB573193}"
EndProject
Project("{FAE04EC0-301F-11D3-BF4B-00C04F79EFBC}") = "Gundi.Tests", "tests\Gundi.Tests\Gundi.Tests.csproj", "{D3111C5A-1C42-45A6-AE6C-CC6A0917869D}"
EndProject
Project("{2150E333-8FDC-42A3-9474-1A3956D46DE8}") = "Solution Items", "Solution Items", "{A6796D2D-2AE5-409A-849C-17E7088BB1A8}"
	ProjectSection(SolutionItems) = preProject
		..\README.md = ..\README.md
		Directory.Build.props = Directory.Build.props
	EndProjectSection
EndProject
Project("{2150E333-8FDC-42A3-9474-1A3956D46DE8}") = "workflows", "workflows", "{37AD8E8E-E649-45E3-994B-0AECF6622523}"
	ProjectSection(SolutionItems) = preProject
		..\.github\workflows\dotnet.yml = ..\.github\workflows\dotnet.yml
		..\.github\workflows\release.yml = ..\.github\workflows\release.yml
	EndProjectSection
EndProject
Global
	GlobalSection(SolutionConfigurationPlatforms) = preSolution
		Debug|Any CPU = Debug|Any CPU
		Release|Any CPU = Release|Any CPU
	EndGlobalSection
	GlobalSection(ProjectConfigurationPlatforms) = postSolution
		{8038AE57-1363-496C-8174-9E8167ADAF14}.Debug|Any CPU.ActiveCfg = Debug|Any CPU
		{8038AE57-1363-496C-8174-9E8167ADAF14}.Debug|Any CPU.Build.0 = Debug|Any CPU
		{8038AE57-1363-496C-8174-9E8167ADAF14}.Release|Any CPU.ActiveCfg = Release|Any CPU
		{8038AE57-1363-496C-8174-9E8167ADAF14}.Release|Any CPU.Build.0 = Release|Any CPU
		{3E4D2299-0026-4C00-B024-6D76A885874F}.Debug|Any CPU.ActiveCfg = Debug|Any CPU
		{3E4D2299-0026-4C00-B024-6D76A885874F}.Debug|Any CPU.Build.0 = Debug|Any CPU
		{3E4D2299-0026-4C00-B024-6D76A885874F}.Release|Any CPU.ActiveCfg = Release|Any CPU
		{3E4D2299-0026-4C00-B024-6D76A885874F}.Release|Any CPU.Build.0 = Release|Any CPU
		{D3111C5A-1C42-45A6-AE6C-CC6A0917869D}.Debug|Any CPU.ActiveCfg = Debug|Any CPU
		{D3111C5A-1C42-45A6-AE6C-CC6A0917869D}.Debug|Any CPU.Build.0 = Debug|Any CPU
		{D3111C5A-1C42-45A6-AE6C-CC6A0917869D}.Release|Any CPU.ActiveCfg = Release|Any CPU
		{D3111C5A-1C42-45A6-AE6C-CC6A0917869D}.Release|Any CPU.Build.0 = Release|Any CPU
	EndGlobalSection
	GlobalSection(NestedProjects) = preSolution
		{8038AE57-1363-496C-8174-9E8167ADAF14} = {20848060-9811-435E-91C9-6B3FCEDB0726}
		{3E4D2299-0026-4C00-B024-6D76A885874F} = {20848060-9811-435E-91C9-6B3FCEDB0726}
		{D3111C5A-1C42-45A6-AE6C-CC6A0917869D} = {E7E74A29-D5CF-40DC-8B21-C605DB573193}
		{37AD8E8E-E649-45E3-994B-0AECF6622523} = {A6796D2D-2AE5-409A-849C-17E7088BB1A8}
	EndGlobalSection
EndGlobal
